{
  "nodes": {
    "my-nixpkgs": {
      "locked": {
        "lastModified": 1780062508,
        "narHash": "sha256-X5eKiPQsaNOettRIxNh3/TtCg6yYHEWC3YpFB8yD5uk=",
        "owner": "Borgvall",
        "repo": "nixpkgs",
        "rev": "e3e2d9323a235b50fcd7b5f445923c00568f2144",
        "type": "github"
      },
      "original": {
        "owner": "Borgvall",
        "ref": "ut1999-expose-isos",
        "repo": "nixpkgs",
        "type": "github"
      }
    },
    "nixpkgs": {
      "locked": {
        "lastModified": 1781577229,
        "narHash": "sha256-lrp67w8AulE9Ks53n27I45ADSzbOCn4H+CNW1Ck8B+8=",
        "owner": "NixOS",
        "repo": "nixpkgs",
        "rev": "567a49d1913ce81ac6e9582e3553dd90a955875f",
        "type": "github"
      },
      "original": {
        "owner": "NixOS",
        "ref": "nixos-unstable",
        "repo": "nixpkgs",
        "type": "github"
      }
    },
    "root": {
      "inputs": {
        "my-nixpkgs": "my-nixpkgs",
        "nixpkgs": "nixpkgs"
      }
    }
  },
  "root": "root",
  "version": 7
}
