{
  "nodes": {
    "my-nixpkgs": {
      "locked": {
        "lastModified": 1780062508,
        "narHash": "sha256-X5eKiPQsaNOettRIxNh3/TtCg6yYHEWC3YpFB8yD5uk=",
        "owner": "Borgvall",
        "repo": "nixpkgs",
        "rev": "e3e2d9323a235b50fcd7b5f445923c00568f2144",
        "type": "github"
      },
      "original": {
        "owner": "Borgvall",
        "ref": "ut1999-expose-isos",
        "repo": "nixpkgs",
        "type": "github"
      }
    },
    "nixpkgs": {
      "locked": {
        "lastModified": 1779560665,
        "narHash": "sha256-tpyBcxPpcQb8ukyNF7DoCwfSY3VPsxHoYwj00Cayv5o=",
        "owner": "NixOS",
        "repo": "nixpkgs",
        "rev": "64c08a7ca051951c8eae34e3e3cb1e202fe36786",
        "type": "github"
      },
      "original": {
        "owner": "NixOS",
        "ref": "nixos-unstable",
        "repo": "nixpkgs",
        "type": "github"
      }
    },
    "root": {
      "inputs": {
        "my-nixpkgs": "my-nixpkgs",
        "nixpkgs": "nixpkgs"
      }
    }
  },
  "root": "root",
  "version": 7
}
