{
  "nodes": {
    "nixpkgs": {
      "locked": {
        "lastModified": 1782667487,
        "narHash": "sha256-58dVXV8w15bYlRbg+YeJEYGEwfTN7s3R3SFSFq9cOLw=",
        "owner": "Borgvall",
        "repo": "nixpkgs",
        "rev": "3a07c6287a52cc59bea26f8e5c84976f8faaa12f",
        "type": "github"
      },
      "original": {
        "owner": "Borgvall",
        "ref": "assert-podman-user",
        "repo": "nixpkgs",
        "type": "github"
      }
    },
    "root": {
      "inputs": {
        "nixpkgs": "nixpkgs"
      }
    }
  },
  "root": "root",
  "version": 7
}
